// !$*UTF8*$!
{
	archiveVersion = 1;
	classes = {
	};
	objectVersion = 50;
	objects = {

/* Begin PBXBuildFile section */
		CD95014826FFACBD0075B33D /* landmarkData.json in Resources */ = {isa = PBXBuildFile; fileRef = CD95014726FFACBD0075B33D /* landmarkData.json */; };
		CD95014B26FFAD0F0075B33D /* Landmark.swift in Sources */ = {isa = PBXBuildFile; fileRef = CD95014A26FFAD0F0075B33D /* Landmark.swift */; };
		CD95014E26FFC3A30075B33D /* ModelData.swift in Sources */ = {isa = PBXBuildFile; fileRef = CD95014D26FFC3A30075B33D /* ModelData.swift */; };
		CD95015126FFC8B30075B33D /* LandmarkRow.swift in Sources */ = {isa = PBXBuildFile; fileRef = CD95015026FFC8B30075B33D /* LandmarkRow.swift */; };
		CD9501532702127B0075B33D /* LandmarkList.swift in Sources */ = {isa = PBXBuildFile; fileRef = CD9501522702127B0075B33D /* LandmarkList.swift */; };
		CD95015527031FB20075B33D /* LandmarkDetail.swift in Sources */ = {isa = PBXBuildFile; fileRef = CD95015427031FB20075B33D /* LandmarkDetail.swift */; };
		CD9501572704B27B0075B33D /* FavoriteButton.swift in Sources */ = {isa = PBXBuildFile; fileRef = CD9501562704B27B0075B33D /* FavoriteButton.swift */; };
		CDD251AC26F79C8A003136AA /* LandmarksApp.swift in Sources */ = {isa = PBXBuildFile; fileRef = CDD251AB26F79C8A003136AA /* LandmarksApp.swift */; };
		CDD251AE26F79C8A003136AA /* ContentView.swift in Sources */ = {isa = PBXBuildFile; fileRef = CDD251AD26F79C8A003136AA /* ContentView.swift */; };
		CDD251B026F79C8B003136AA /* Assets.xcassets in Resources */ = {isa = PBXBuildFile; fileRef = CDD251AF26F79C8B003136AA /* Assets.xcassets */; };
		CDD251B326F79C8B003136AA /* Preview Assets.xcassets in Resources */ = {isa = PBXBuildFile; fileRef = CDD251B226F79C8B003136AA /* Preview Assets.xcassets */; };
		CDD251BB26F7D50C003136AA /* CircleImage.swift in Sources */ = {isa = PBXBuildFile; fileRef = CDD251BA26F7D50C003136AA /* CircleImage.swift */; };
		CDD251BD26F7DAC7003136AA /* MapView.swift in Sources */ = {isa = PBXBuildFile; fileRef = CDD251BC26F7DAC7003136AA /* MapView.swift */; };
/* End PBXBuildFile section */

/* Begin PBXFileReference section */
		CD95014726FFACBD0075B33D /* landmarkData.json */ = {isa = PBXFileReference; fileEncoding = 4; lastKnownFileType = text.json; path = landmarkData.json; sourceTree = "<group>"; };
		CD95014A26FFAD0F0075B33D /* Landmark.swift */ = {isa = PBXFileReference; lastKnownFileType = sourcecode.swift; path = Landmark.swift; sourceTree = "<group>"; };
		CD95014D26FFC3A30075B33D /* ModelData.swift */ = {isa = PBXFileReference; lastKnownFileType = sourcecode.swift; path = ModelData.swift; sourceTree = "<group>"; };
		CD95015026FFC8B30075B33D /* LandmarkRow.swift */ = {isa = PBXFileReference; lastKnownFileType = sourcecode.swift; path = LandmarkRow.swift; sourceTree = "<group>"; };
		CD9501522702127B0075B33D /* LandmarkList.swift */ = {isa = PBXFileReference; lastKnownFileType = sourcecode.swift; path = LandmarkList.swift; sourceTree = "<group>"; };
		CD95015427031FB20075B33D /* LandmarkDetail.swift */ = {isa = PBXFileReference; lastKnownFileType = sourcecode.swift; path = LandmarkDetail.swift; sourceTree = "<group>"; };
		CD9501562704B27B0075B33D /* FavoriteButton.swift */ = {isa = PBXFileReference; lastKnownFileType = sourcecode.swift; path = FavoriteButton.swift; sourceTree = "<group>"; };
		CDD251A826F79C8A003136AA /* Landmarks.app */ = {isa = PBXFileReference; explicitFileType = wrapper.application; includeInIndex = 0; path = Landmarks.app; sourceTree = BUILT_PRODUCTS_DIR; };
		CDD251AB26F79C8A003136AA /* LandmarksApp.swift */ = {isa = PBXFileReference; lastKnownFileType = sourcecode.swift; path = LandmarksApp.swift; sourceTree = "<group>"; };
		CDD251AD26F79C8A003136AA /* ContentView.swift */ = {isa = PBXFileReference; lastKnownFileType = sourcecode.swift; path = ContentView.swift; sourceTree = "<group>"; };
		CDD251AF26F79C8B003136AA /* Assets.xcassets */ = {isa = PBXFileReference; lastKnownFileType = folder.assetcatalog; path = Assets.xcassets; sourceTree = "<group>"; };
		CDD251B226F79C8B003136AA /* Preview Assets.xcassets */ = {isa = PBXFileReference; lastKnownFileType = folder.assetcatalog; path = "Preview Assets.xcassets"; sourceTree = "<group>"; };
		CDD251B426F79C8B003136AA /* Info.plist */ = {isa = PBXFileReference; lastKnownFileType = text.plist.xml; path = Info.plist; sourceTree = "<group>"; };
		CDD251BA26F7D50C003136AA /* CircleImage.swift */ = {isa = PBXFileReference; lastKnownFileType = sourcecode.swift; path = CircleImage.swift; sourceTree = "<group>"; };
		CDD251BC26F7DAC7003136AA /* MapView.swift */ = {isa = PBXFileReference; lastKnownFileType = sourcecode.swift; path = MapView.swift; sourceTree = "<group>"; };
/* End PBXFileReference section */

/* Begin PBXFrameworksBuildPhase section */
		CDD251A526F79C8A003136AA /* Frameworks */ = {
			isa = PBXFrameworksBuildPhase;
			buildActionMask = 2147483647;
			files = (
			);
			runOnlyForDeploymentPostprocessing = 0;
		};
/* End PBXFrameworksBuildPhase section */

/* Begin PBXGroup section */
		CD95014926FFACCA0075B33D /* Resources */ = {
			isa = PBXGroup;
			children = (
				CD95014726FFACBD0075B33D /* landmarkData.json */,
			);
			path = Resources;
			sourceTree = "<group>";
		};
		CD95014C26FFAD5B0075B33D /* Model */ = {
			isa = PBXGroup;
			children = (
				CD95014A26FFAD0F0075B33D /* Landmark.swift */,
				CD95014D26FFC3A30075B33D /* ModelData.swift */,
			);
			path = Model;
			sourceTree = "<group>";
		};
		CD95014F26FFC7D10075B33D /* Views */ = {
			isa = PBXGroup;
			children = (
				CDD251AD26F79C8A003136AA /* ContentView.swift */,
				CD9501592704B6B90075B33D /* Landmarks */,
				CD9501582704B6B10075B33D /* Helpers */,
			);
			path = Views;
			sourceTree = "<group>";
		};
		CD9501582704B6B10075B33D /* Helpers */ = {
			isa = PBXGroup;
			children = (
				CD9501562704B27B0075B33D /* FavoriteButton.swift */,
				CDD251BC26F7DAC7003136AA /* MapView.swift */,
				CDD251BA26F7D50C003136AA /* CircleImage.swift */,
			);
			path = Helpers;
			sourceTree = "<group>";
		};
		CD9501592704B6B90075B33D /* Landmarks */ = {
			isa = PBXGroup;
			children = (
				CD9501522702127B0075B33D /* LandmarkList.swift */,
				CD95015026FFC8B30075B33D /* LandmarkRow.swift */,
				CD95015427031FB20075B33D /* LandmarkDetail.swift */,
			);
			path = Landmarks;
			sourceTree = "<group>";
		};
		CDD2519F26F79C8A003136AA = {
			isa = PBXGroup;
			children = (
				CDD251AA26F79C8A003136AA /* Landmarks */,
				CDD251A926F79C8A003136AA /* Products */,
			);
			sourceTree = "<group>";
		};
		CDD251A926F79C8A003136AA /* Products */ = {
			isa = PBXGroup;
			children = (
				CDD251A826F79C8A003136AA /* Landmarks.app */,
			);
			name = Products;
			sourceTree = "<group>";
		};
		CDD251AA26F79C8A003136AA /* Landmarks */ = {
			isa = PBXGroup;
			children = (
				CD95014F26FFC7D10075B33D /* Views */,
				CD95014C26FFAD5B0075B33D /* Model */,
				CD95014926FFACCA0075B33D /* Resources */,
				CDD251AB26F79C8A003136AA /* LandmarksApp.swift */,
				CDD251AF26F79C8B003136AA /* Assets.xcassets */,
				CDD251B426F79C8B003136AA /* Info.plist */,
				CDD251B126F79C8B003136AA /* Preview Content */,
			);
			path = Landmarks;
			sourceTree = "<group>";
		};
		CDD251B126F79C8B003136AA /* Preview Content */ = {
			isa = PBXGroup;
			children = (
				CDD251B226F79C8B003136AA /* Preview Assets.xcassets */,
			);
			path = "Preview Content";
			sourceTree = "<group>";
		};
/* End PBXGroup section */

/* Begin PBXNativeTarget section */
		CDD251A726F79C8A003136AA /* Landmarks */ = {
			isa = PBXNativeTarget;
			buildConfigurationList = CDD251B726F79C8B003136AA /* Build configuration list for PBXNativeTarget "Landmarks" */;
			buildPhases = (
				CDD251A426F79C8A003136AA /* Sources */,
				CDD251A526F79C8A003136AA /* Frameworks */,
				CDD251A626F79C8A003136AA /* Resources */,
			);
			buildRules = (
			);
			dependencies = (
			);
			name = Landmarks;
			productName = Landmarks;
			productReference = CDD251A826F79C8A003136AA /* Landmarks.app */;
			productType = "com.apple.product-type.application";
		};
/* End PBXNativeTarget section */

/* Begin PBXProject section */
		CDD251A026F79C8A003136AA /* Project object */ = {
			isa = PBXProject;
			attributes = {
				LastSwiftUpdateCheck = 1250;
				LastUpgradeCheck = 1250;
				TargetAttributes = {
					CDD251A726F79C8A003136AA = {
						CreatedOnToolsVersion = 12.5.1;
					};
				};
			};
			buildConfigurationList = CDD251A326F79C8A003136AA /* Build configuration list for PBXProject "Landmarks" */;
			compatibilityVersion = "Xcode 9.3";
			developmentRegion = en;
			hasScannedForEncodings = 0;
			knownRegions = (
				en,
				Base,
			);
			mainGroup = CDD2519F26F79C8A003136AA;
			productRefGroup = CDD251A926F79C8A003136AA /* Products */;
			projectDirPath = "";
			projectRoot = "";
			targets = (
				CDD251A726F79C8A003136AA /* Landmarks */,
			);
		};
/* End PBXProject section */

/* Begin PBXResourcesBuildPhase section */
		CDD251A626F79C8A003136AA /* Resources */ = {
			isa = PBXResourcesBuildPhase;
			buildActionMask = 2147483647;
			files = (
				CDD251B326F79C8B003136AA /* Preview Assets.xcassets in Resources */,
				CDD251B026F79C8B003136AA /* Assets.xcassets in Resources */,
				CD95014826FFACBD0075B33D /* landmarkData.json in Resources */,
			);
			runOnlyForDeploymentPostprocessing = 0;
		};
/* End PBXResourcesBuildPhase section */

/* Begin PBXSourcesBuildPhase section */
		CDD251A426F79C8A003136AA /* Sources */ = {
			isa = PBXSourcesBuildPhase;
			buildActionMask = 2147483647;
			files = (
				CDD251AE26F79C8A003136AA /* ContentView.swift in Sources */,
				CDD251BD26F7DAC7003136AA /* MapView.swift in Sources */,
				CDD251AC26F79C8A003136AA /* LandmarksApp.swift in Sources */,
				CD9501572704B27B0075B33D /* FavoriteButton.swift in Sources */,
				CD9501532702127B0075B33D /* LandmarkList.swift in Sources */,
				CD95015527031FB20075B33D /* LandmarkDetail.swift in Sources */,
				CDD251BB26F7D50C003136AA /* CircleImage.swift in Sources */,
				CD95014B26FFAD0F0075B33D /* Landmark.swift in Sources */,
				CD95015126FFC8B30075B33D /* LandmarkRow.swift in Sources */,
				CD95014E26FFC3A30075B33D /* ModelData.swift in Sources */,
			);
			runOnlyForDeploymentPostprocessing = 0;
		};
/* End PBXSourcesBuildPhase section */

/* Begin XCBuildConfiguration section */
		CDD251B526F79C8B003136AA /* Debug */ = {
			isa = XCBuildConfiguration;
			buildSettings = {
				ALWAYS_SEARCH_USER_PATHS = NO;
				CLANG_ANALYZER_NONNULL = YES;
				CLANG_ANALYZER_NUMBER_OBJECT_CONVERSION = YES_AGGRESSIVE;
				CLANG_CXX_LANGUAGE_STANDARD = "gnu++14";
				CLANG_CXX_LIBRARY = "libc++";
				CLANG_ENABLE_MODULES = YES;
				CLANG_ENABLE_OBJC_ARC = YES;
				CLANG_ENABLE_OBJC_WEAK = YES;
				CLANG_WARN_BLOCK_CAPTURE_AUTORELEASING = YES;
				CLANG_WARN_BOOL_CONVERSION = YES;
				CLANG_WARN_COMMA = YES;
				CLANG_WARN_CONSTANT_CONVERSION = YES;
				CLANG_WARN_DEPRECATED_OBJC_IMPLEMENTATIONS = YES;
				CLANG_WARN_DIRECT_OBJC_ISA_USAGE = YES_ERROR;
				CLANG_WARN_DOCUMENTATION_COMMENTS = YES;
				CLANG_WARN_EMPTY_BODY = YES;
				CLANG_WARN_ENUM_CONVERSION = YES;
				CLANG_WARN_INFINITE_RECURSION = YES;
				CLANG_WARN_INT_CONVERSION = YES;
				CLANG_WARN_NON_LITERAL_NULL_CONVERSION = YES;
				CLANG_WARN_OBJC_IMPLICIT_RETAIN_SELF = YES;
				CLANG_WARN_OBJC_LITERAL_CONVERSION = YES;
				CLANG_WARN_OBJC_ROOT_CLASS = YES_ERROR;
				CLANG_WARN_QUOTED_INCLUDE_IN_FRAMEWORK_HEADER = YES;
				CLANG_WARN_RANGE_LOOP_ANALYSIS = YES;
				CLANG_WARN_STRICT_PROTOTYPES = YES;
				CLANG_WARN_SUSPICIOUS_MOVE = YES;
				CLANG_WARN_UNGUARDED_AVAILABILITY = YES_AGGRESSIVE;
				CLANG_WARN_UNREACHABLE_CODE = YES;
				CLANG_WARN__DUPLICATE_METHOD_MATCH = YES;
				COPY_PHASE_STRIP = NO;
				DEBUG_INFORMATION_FORMAT = dwarf;
				ENABLE_STRICT_OBJC_MSGSEND = YES;
				ENABLE_TESTABILITY = YES;
				GCC_C_LANGUAGE_STANDARD = gnu11;
				GCC_DYNAMIC_NO_PIC = NO;
				GCC_NO_COMMON_BLOCKS = YES;
				GCC_OPTIMIZATION_LEVEL = 0;
				GCC_PREPROCESSOR_DEFINITIONS = (
					"DEBUG=1",
					"$(inherited)",
				);
				GCC_WARN_64_TO_32_BIT_CONVERSION = YES;
				GCC_WARN_ABOUT_RETURN_TYPE = YES_ERROR;
				GCC_WARN_UNDECLARED_SELECTOR = YES;
				GCC_WARN_UNINITIALIZED_AUTOS = YES_AGGRESSIVE;
				GCC_WARN_UNUSED_FUNCTION = YES;
				GCC_WARN_UNUSED_VARIABLE = YES;
				IPHONEOS_DEPLOYMENT_TARGET = 14.5;
				MTL_ENABLE_DEBUG_INFO = INCLUDE_SOURCE;
				MTL_FAST_MATH = YES;
				ONLY_ACTIVE_ARCH = YES;
				SDKROOT = iphoneos;
				SWIFT_ACTIVE_COMPILATION_CONDITIONS = DEBUG;
				SWIFT_OPTIMIZATION_LEVEL = "-Onone";
			};
			name = Debug;
		};
		CDD251B626F79C8B003136AA /* Release */ = {
			isa = XCBuildConfiguration;
			buildSettings = {
				ALWAYS_SEARCH_USER_PATHS = NO;
				CLANG_ANALYZER_NONNULL = YES;
				CLANG_ANALYZER_NUMBER_OBJECT_CONVERSION = YES_AGGRESSIVE;
				CLANG_CXX_LANGUAGE_STANDARD = "gnu++14";
				CLANG_CXX_LIBRARY = "libc++";
				CLANG_ENABLE_MODULES = YES;
				CLANG_ENABLE_OBJC_ARC = YES;
				CLANG_ENABLE_OBJC_WEAK = YES;
				CLANG_WARN_BLOCK_CAPTURE_AUTORELEASING = YES;
				CLANG_WARN_BOOL_CONVERSION = YES;
				CLANG_WARN_COMMA = YES;
				CLANG_WARN_CONSTANT_CONVERSION = YES;
				CLANG_WARN_DEPRECATED_OBJC_IMPLEMENTATIONS = YES;
				CLANG_WARN_DIRECT_OBJC_ISA_USAGE = YES_ERROR;
				CLANG_WARN_DOCUMENTATION_COMMENTS = YES;
				CLANG_WARN_EMPTY_BODY = YES;
				CLANG_WARN_ENUM_CONVERSION = YES;
				CLANG_WARN_INFINITE_RECURSION = YES;
				CLANG_WARN_INT_CONVERSION = YES;
				CLANG_WARN_NON_LITERAL_NULL_CONVERSION = YES;
				CLANG_WARN_OBJC_IMPLICIT_RETAIN_SELF = YES;
				CLANG_WARN_OBJC_LITERAL_CONVERSION = YES;
				CLANG_WARN_OBJC_ROOT_CLASS = YES_ERROR;
				CLANG_WARN_QUOTED_INCLUDE_IN_FRAMEWORK_HEADER = YES;
				CLANG_WARN_RANGE_LOOP_ANALYSIS = YES;
				CLANG_WARN_STRICT_PROTOTYPES = YES;
				CLANG_WARN_SUSPICIOUS_MOVE = YES;
				CLANG_WARN_UNGUARDED_AVAILABILITY = YES_AGGRESSIVE;
				CLANG_WARN_UNREACHABLE_CODE = YES;
				CLANG_WARN__DUPLICATE_METHOD_MATCH = YES;
				COPY_PHASE_STRIP = NO;
				DEBUG_INFORMATION_FORMAT = "dwarf-with-dsym";
				ENABLE_NS_ASSERTIONS = NO;
				ENABLE_STRICT_OBJC_MSGSEND = YES;
				GCC_C_LANGUAGE_STANDARD = gnu11;
				GCC_NO_COMMON_BLOCKS = YES;
				GCC_WARN_64_TO_32_BIT_CONVERSION = YES;
				GCC_WARN_ABOUT_RETURN_TYPE = YES_ERROR;
				GCC_WARN_UNDECLARED_SELECTOR = YES;
				GCC_WARN_UNINITIALIZED_AUTOS = YES_AGGRESSIVE;
				GCC_WARN_UNUSED_FUNCTION = YES;
				GCC_WARN_UNUSED_VARIABLE = YES;
				IPHONEOS_DEPLOYMENT_TARGET = 14.5;
				MTL_ENABLE_DEBUG_INFO = NO;
				MTL_FAST_MATH = YES;
				SDKROOT = iphoneos;
				SWIFT_COMPILATION_MODE = wholemodule;
				SWIFT_OPTIMIZATION_LEVEL = "-O";
				VALIDATE_PRODUCT = YES;
			};
			name = Release;
		};
		CDD251B826F79C8B003136AA /* Debug */ = {
			isa = XCBuildConfiguration;
			buildSettings = {
				ASSETCATALOG_COMPILER_APPICON_NAME = AppIcon;
				ASSETCATALOG_COMPILER_GLOBAL_ACCENT_COLOR_NAME = AccentColor;
				CODE_SIGN_STYLE = Automatic;
				DEVELOPMENT_ASSET_PATHS = "\"Landmarks/Preview Content\"";
				ENABLE_PREVIEWS = YES;
				INFOPLIST_FILE = Landmarks/Info.plist;
				IPHONEOS_DEPLOYMENT_TARGET = 14.0;
				LD_RUNPATH_SEARCH_PATHS = (
					"$(inherited)",
					"@executable_path/Frameworks",
				);
				PRODUCT_BUNDLE_IDENTIFIER = com.m.Landmarks;
				PRODUCT_NAME = "$(TARGET_NAME)";
				SWIFT_VERSION = 5.0;
				TARGETED_DEVICE_FAMILY = "1,2";
			};
			name = Debug;
		};
		CDD251B926F79C8B003136AA /* Release */ = {
			isa = XCBuildConfiguration;
			buildSettings = {
				ASSETCATALOG_COMPILER_APPICON_NAME = AppIcon;
				ASSETCATALOG_COMPILER_GLOBAL_ACCENT_COLOR_NAME = AccentColor;
				CODE_SIGN_STYLE = Automatic;
				DEVELOPMENT_ASSET_PATHS = "\"Landmarks/Preview Content\"";
				ENABLE_PREVIEWS = YES;
				INFOPLIST_FILE = Landmarks/Info.plist;
				IPHONEOS_DEPLOYMENT_TARGET = 14.0;
				LD_RUNPATH_SEARCH_PATHS = (
					"$(inherited)",
					"@executable_path/Frameworks",
				);
				PRODUCT_BUNDLE_IDENTIFIER = com.m.Landmarks;
				PRODUCT_NAME = "$(TARGET_NAME)";
				SWIFT_VERSION = 5.0;
				TARGETED_DEVICE_FAMILY = "1,2";
			};
			name = Release;
		};
/* End XCBuildConfiguration section */

/* Begin XCConfigurationList section */
		CDD251A326F79C8A003136AA /* Build configuration list for PBXProject "Landmarks" */ = {
			isa = XCConfigurationList;
			buildConfigurations = (
				CDD251B526F79C8B003136AA /* Debug */,
				CDD251B626F79C8B003136AA /* Release */,
			);
			defaultConfigurationIsVisible = 0;
			defaultConfigurationName = Release;
		};
		CDD251B726F79C8B003136AA /* Build configuration list for PBXNativeTarget "Landmarks" */ = {
			isa = XCConfigurationList;
			buildConfigurations = (
				CDD251B826F79C8B003136AA /* Debug */,
				CDD251B926F79C8B003136AA /* Release */,
			);
			defaultConfigurationIsVisible = 0;
			defaultConfigurationName = Release;
		};
/* End XCConfigurationList section */
	};
	rootObject = CDD251A026F79C8A003136AA /* Project object */;
}
