// !$*UTF8*$!
{
	archiveVersion = 1;
	classes = {
	};
	objectVersion = 50;
	objects = {

/* Begin PBXBuildFile section */
		CD27FD1C2729E92D00B5B02E /* PageViewController.swift in Sources */ = {isa = PBXBuildFile; fileRef = CD27FD1B2729E92D00B5B02E /* PageViewController.swift */; };
		CD27FD1E2729EDE500B5B02E /* FeatureCard.swift in Sources */ = {isa = PBXBuildFile; fileRef = CD27FD1D2729EDE500B5B02E /* FeatureCard.swift */; };
		CD27FD202729EF2A00B5B02E /* PageView.swift in Sources */ = {isa = PBXBuildFile; fileRef = CD27FD1F2729EF2A00B5B02E /* PageView.swift */; };
		CD27FD222729F81E00B5B02E /* PageControl.swift in Sources */ = {isa = PBXBuildFile; fileRef = CD27FD212729F81E00B5B02E /* PageControl.swift */; };
		CD2E52E3272DDC640082B3E8 /* Assets.xcassets in Resources */ = {isa = PBXBuildFile; fileRef = CD2E52E2272DDC640082B3E8 /* Assets.xcassets */; };
		CD2E52E9272DDC640082B3E8 /* WatchLandmarks WatchKit Extension.appex in Embed App Extensions */ = {isa = PBXBuildFile; fileRef = CD2E52E8272DDC640082B3E8 /* WatchLandmarks WatchKit Extension.appex */; settings = {ATTRIBUTES = (RemoveHeadersOnCopy, ); }; };
		CD2E52F0272DDC640082B3E8 /* ContentView.swift in Sources */ = {isa = PBXBuildFile; fileRef = CD2E52EF272DDC640082B3E8 /* ContentView.swift */; };
		CD2E52F2272DDC640082B3E8 /* NotificationController.swift in Sources */ = {isa = PBXBuildFile; fileRef = CD2E52F1272DDC640082B3E8 /* NotificationController.swift */; };
		CD2E52F4272DDC640082B3E8 /* NotificationView.swift in Sources */ = {isa = PBXBuildFile; fileRef = CD2E52F3272DDC640082B3E8 /* NotificationView.swift */; };
		CD2E52F6272DDC640082B3E8 /* ComplicationController.swift in Sources */ = {isa = PBXBuildFile; fileRef = CD2E52F5272DDC640082B3E8 /* ComplicationController.swift */; };
		CD2E52F8272DDC650082B3E8 /* Assets.xcassets in Resources */ = {isa = PBXBuildFile; fileRef = CD2E52F7272DDC650082B3E8 /* Assets.xcassets */; };
		CD2E52FB272DDC650082B3E8 /* Preview Assets.xcassets in Resources */ = {isa = PBXBuildFile; fileRef = CD2E52FA272DDC650082B3E8 /* Preview Assets.xcassets */; };
		CD2E5300272DDC650082B3E8 /* WatchLandmarks.app in Embed Watch Content */ = {isa = PBXBuildFile; fileRef = CD2E52E0272DDC620082B3E8 /* WatchLandmarks.app */; settings = {ATTRIBUTES = (RemoveHeadersOnCopy, ); }; };
		CD2E5309272DECF50082B3E8 /* CircleImage.swift in Sources */ = {isa = PBXBuildFile; fileRef = CDD251BA26F7D50C003136AA /* CircleImage.swift */; };
		CD2E530A272DECF50082B3E8 /* landmarkData.json in Resources */ = {isa = PBXBuildFile; fileRef = CD95014726FFACBD0075B33D /* landmarkData.json */; };
		CD2E530B272DECF50082B3E8 /* LandmarksApp.swift in Sources */ = {isa = PBXBuildFile; fileRef = CDD251AB26F79C8A003136AA /* LandmarksApp.swift */; };
		CD2E530D272DECF50082B3E8 /* Profile.swift in Sources */ = {isa = PBXBuildFile; fileRef = CD9D35532722091800849133 /* Profile.swift */; };
		CD2E530E272DECF50082B3E8 /* Landmark.swift in Sources */ = {isa = PBXBuildFile; fileRef = CD95014A26FFAD0F0075B33D /* Landmark.swift */; };
		CD2E530F272DECF50082B3E8 /* ModelData.swift in Sources */ = {isa = PBXBuildFile; fileRef = CD95014D26FFC3A30075B33D /* ModelData.swift */; };
		CD2E5310272DECF50082B3E8 /* LandmarkRow.swift in Sources */ = {isa = PBXBuildFile; fileRef = CD95015026FFC8B30075B33D /* LandmarkRow.swift */; };
		CD2E5311272DECF50082B3E8 /* Assets.xcassets in Resources */ = {isa = PBXBuildFile; fileRef = CDD251AF26F79C8B003136AA /* Assets.xcassets */; };
		CD2E5312272DECF50082B3E8 /* Hike.swift in Sources */ = {isa = PBXBuildFile; fileRef = CD898C362713902600C7A0FD /* Hike.swift */; };
		CD2E5313272DECF50082B3E8 /* hikeData.json in Resources */ = {isa = PBXBuildFile; fileRef = CD898C3427138FF200C7A0FD /* hikeData.json */; };
		CD2E5314272DECF50082B3E8 /* MapView.swift in Sources */ = {isa = PBXBuildFile; fileRef = CDD251BC26F7DAC7003136AA /* MapView.swift */; };
		CD2E5317272DEDC70082B3E8 /* LandmarkDetail.swift in Sources */ = {isa = PBXBuildFile; fileRef = CD2E5316272DEDC70082B3E8 /* LandmarkDetail.swift */; };
		CD659A4C27063A8A00995212 /* HexagonParameters.swift in Sources */ = {isa = PBXBuildFile; fileRef = CD659A4B27063A8A00995212 /* HexagonParameters.swift */; };
		CD659A4E27063BCC00995212 /* BadgeBackground.swift in Sources */ = {isa = PBXBuildFile; fileRef = CD659A4D27063BCC00995212 /* BadgeBackground.swift */; };
		CD898C3527138FF200C7A0FD /* hikeData.json in Resources */ = {isa = PBXBuildFile; fileRef = CD898C3427138FF200C7A0FD /* hikeData.json */; };
		CD898C372713902600C7A0FD /* Hike.swift in Sources */ = {isa = PBXBuildFile; fileRef = CD898C362713902600C7A0FD /* Hike.swift */; };
		CD898C3D271390D500C7A0FD /* GraphCapsule.swift in Sources */ = {isa = PBXBuildFile; fileRef = CD898C39271390D500C7A0FD /* GraphCapsule.swift */; };
		CD898C3E271390D500C7A0FD /* HikeGraph.swift in Sources */ = {isa = PBXBuildFile; fileRef = CD898C3A271390D500C7A0FD /* HikeGraph.swift */; };
		CD898C3F271390D500C7A0FD /* HikeDetail.swift in Sources */ = {isa = PBXBuildFile; fileRef = CD898C3B271390D500C7A0FD /* HikeDetail.swift */; };
		CD898C40271390D500C7A0FD /* HikeView.swift in Sources */ = {isa = PBXBuildFile; fileRef = CD898C3C271390D500C7A0FD /* HikeView.swift */; };
		CD95014826FFACBD0075B33D /* landmarkData.json in Resources */ = {isa = PBXBuildFile; fileRef = CD95014726FFACBD0075B33D /* landmarkData.json */; };
		CD95014B26FFAD0F0075B33D /* Landmark.swift in Sources */ = {isa = PBXBuildFile; fileRef = CD95014A26FFAD0F0075B33D /* Landmark.swift */; };
		CD95014E26FFC3A30075B33D /* ModelData.swift in Sources */ = {isa = PBXBuildFile; fileRef = CD95014D26FFC3A30075B33D /* ModelData.swift */; };
		CD95015126FFC8B30075B33D /* LandmarkRow.swift in Sources */ = {isa = PBXBuildFile; fileRef = CD95015026FFC8B30075B33D /* LandmarkRow.swift */; };
		CD9501532702127B0075B33D /* LandmarkList.swift in Sources */ = {isa = PBXBuildFile; fileRef = CD9501522702127B0075B33D /* LandmarkList.swift */; };
		CD95015527031FB20075B33D /* LandmarkDetail.swift in Sources */ = {isa = PBXBuildFile; fileRef = CD95015427031FB20075B33D /* LandmarkDetail.swift */; };
		CD9501572704B27B0075B33D /* FavoriteButton.swift in Sources */ = {isa = PBXBuildFile; fileRef = CD9501562704B27B0075B33D /* FavoriteButton.swift */; };
		CD9D35542722091800849133 /* Profile.swift in Sources */ = {isa = PBXBuildFile; fileRef = CD9D35532722091800849133 /* Profile.swift */; };
		CD9D35572722097700849133 /* ProfileHost.swift in Sources */ = {isa = PBXBuildFile; fileRef = CD9D35562722097700849133 /* ProfileHost.swift */; };
		CD9D355927220AB300849133 /* ProfileSummary.swift in Sources */ = {isa = PBXBuildFile; fileRef = CD9D355827220AB300849133 /* ProfileSummary.swift */; };
		CD9D355B27220BE300849133 /* HikeBadge.swift in Sources */ = {isa = PBXBuildFile; fileRef = CD9D355A27220BE300849133 /* HikeBadge.swift */; };
		CD9D355D2722137500849133 /* ProfileEditor.swift in Sources */ = {isa = PBXBuildFile; fileRef = CD9D355C2722137500849133 /* ProfileEditor.swift */; };
		CDA836BA27309904005259C5 /* ContentView.swift in Sources */ = {isa = PBXBuildFile; fileRef = CDA836B927309904005259C5 /* ContentView.swift */; };
		CDA836BC27309905005259C5 /* Assets.xcassets in Resources */ = {isa = PBXBuildFile; fileRef = CDA836BB27309905005259C5 /* Assets.xcassets */; };
		CDA836BF27309905005259C5 /* Preview Assets.xcassets in Resources */ = {isa = PBXBuildFile; fileRef = CDA836BE27309905005259C5 /* Preview Assets.xcassets */; };
		CDA836C427309E8C005259C5 /* ModelData.swift in Sources */ = {isa = PBXBuildFile; fileRef = CD95014D26FFC3A30075B33D /* ModelData.swift */; };
		CDA836C527309E8C005259C5 /* MapView.swift in Sources */ = {isa = PBXBuildFile; fileRef = CDD251BC26F7DAC7003136AA /* MapView.swift */; };
		CDA836C627309E8C005259C5 /* Assets.xcassets in Resources */ = {isa = PBXBuildFile; fileRef = CDD251AF26F79C8B003136AA /* Assets.xcassets */; };
		CDA836C727309E8C005259C5 /* LandmarksApp.swift in Sources */ = {isa = PBXBuildFile; fileRef = CDD251AB26F79C8A003136AA /* LandmarksApp.swift */; };
		CDA836C827309E8C005259C5 /* Profile.swift in Sources */ = {isa = PBXBuildFile; fileRef = CD9D35532722091800849133 /* Profile.swift */; };
		CDA836C927309E8C005259C5 /* landmarkData.json in Resources */ = {isa = PBXBuildFile; fileRef = CD95014726FFACBD0075B33D /* landmarkData.json */; };
		CDA836CA27309E8C005259C5 /* CircleImage.swift in Sources */ = {isa = PBXBuildFile; fileRef = CDD251BA26F7D50C003136AA /* CircleImage.swift */; };
		CDA836CB27309E8C005259C5 /* LandmarkList.swift in Sources */ = {isa = PBXBuildFile; fileRef = CD9501522702127B0075B33D /* LandmarkList.swift */; };
		CDA836CC27309E8C005259C5 /* FavoriteButton.swift in Sources */ = {isa = PBXBuildFile; fileRef = CD9501562704B27B0075B33D /* FavoriteButton.swift */; };
		CDA836CD27309E8C005259C5 /* hikeData.json in Resources */ = {isa = PBXBuildFile; fileRef = CD898C3427138FF200C7A0FD /* hikeData.json */; };
		CDA836CE27309E8C005259C5 /* Landmark.swift in Sources */ = {isa = PBXBuildFile; fileRef = CD95014A26FFAD0F0075B33D /* Landmark.swift */; };
		CDA836CF27309E8C005259C5 /* LandmarkRow.swift in Sources */ = {isa = PBXBuildFile; fileRef = CD95015026FFC8B30075B33D /* LandmarkRow.swift */; };
		CDA836D027309E8C005259C5 /* Hike.swift in Sources */ = {isa = PBXBuildFile; fileRef = CD898C362713902600C7A0FD /* Hike.swift */; };
		CDA836D32730A0C7005259C5 /* LandmarkDetail.swift in Sources */ = {isa = PBXBuildFile; fileRef = CDA836D22730A0C7005259C5 /* LandmarkDetail.swift */; };
		CDA836D52730A94A005259C5 /* LandmarkList.swift in Sources */ = {isa = PBXBuildFile; fileRef = CDA836D42730A94A005259C5 /* LandmarkList.swift */; };
		CDAA8E392708B85B005B816C /* BadgeSymbol.swift in Sources */ = {isa = PBXBuildFile; fileRef = CDAA8E382708B85B005B816C /* BadgeSymbol.swift */; };
		CDAA8E3B2708BA62005B816C /* RotateBadgeSymbol.swift in Sources */ = {isa = PBXBuildFile; fileRef = CDAA8E3A2708BA62005B816C /* RotateBadgeSymbol.swift */; };
		CDAA8E3E2708BB5E005B816C /* Badge.swift in Sources */ = {isa = PBXBuildFile; fileRef = CDAA8E3D2708BB5E005B816C /* Badge.swift */; };
		CDCA4242271E27CA00AC2FE1 /* CategoryHome.swift in Sources */ = {isa = PBXBuildFile; fileRef = CDCA4241271E27CA00AC2FE1 /* CategoryHome.swift */; };
		CDCA4244271E2C8C00AC2FE1 /* CategoryRow.swift in Sources */ = {isa = PBXBuildFile; fileRef = CDCA4243271E2C8C00AC2FE1 /* CategoryRow.swift */; };
		CDCA4246271E2F4700AC2FE1 /* CategoryItem.swift in Sources */ = {isa = PBXBuildFile; fileRef = CDCA4245271E2F4700AC2FE1 /* CategoryItem.swift */; };
		CDD251AC26F79C8A003136AA /* LandmarksApp.swift in Sources */ = {isa = PBXBuildFile; fileRef = CDD251AB26F79C8A003136AA /* LandmarksApp.swift */; };
		CDD251AE26F79C8A003136AA /* ContentView.swift in Sources */ = {isa = PBXBuildFile; fileRef = CDD251AD26F79C8A003136AA /* ContentView.swift */; };
		CDD251B026F79C8B003136AA /* Assets.xcassets in Resources */ = {isa = PBXBuildFile; fileRef = CDD251AF26F79C8B003136AA /* Assets.xcassets */; };
		CDD251B326F79C8B003136AA /* Preview Assets.xcassets in Resources */ = {isa = PBXBuildFile; fileRef = CDD251B226F79C8B003136AA /* Preview Assets.xcassets */; };
		CDD251BB26F7D50C003136AA /* CircleImage.swift in Sources */ = {isa = PBXBuildFile; fileRef = CDD251BA26F7D50C003136AA /* CircleImage.swift */; };
		CDD251BD26F7DAC7003136AA /* MapView.swift in Sources */ = {isa = PBXBuildFile; fileRef = CDD251BC26F7DAC7003136AA /* MapView.swift */; };
/* End PBXBuildFile section */

/* Begin PBXContainerItemProxy section */
		CD2E52EA272DDC640082B3E8 /* PBXContainerItemProxy */ = {
			isa = PBXContainerItemProxy;
			containerPortal = CDD251A026F79C8A003136AA /* Project object */;
			proxyType = 1;
			remoteGlobalIDString = CD2E52E7272DDC640082B3E8;
			remoteInfo = "WatchLandmarks WatchKit Extension";
		};
		CD2E52FE272DDC650082B3E8 /* PBXContainerItemProxy */ = {
			isa = PBXContainerItemProxy;
			containerPortal = CDD251A026F79C8A003136AA /* Project object */;
			proxyType = 1;
			remoteGlobalIDString = CD2E52DF272DDC620082B3E8;
			remoteInfo = WatchLandmarks;
		};
/* End PBXContainerItemProxy section */

/* Begin PBXCopyFilesBuildPhase section */
		CD2E5301272DDC650082B3E8 /* Embed Watch Content */ = {
			isa = PBXCopyFilesBuildPhase;
			buildActionMask = 2147483647;
			dstPath = "$(CONTENTS_FOLDER_PATH)/Watch";
			dstSubfolderSpec = 16;
			files = (
				CD2E5300272DDC650082B3E8 /* WatchLandmarks.app in Embed Watch Content */,
			);
			name = "Embed Watch Content";
			runOnlyForDeploymentPostprocessing = 0;
		};
		CD2E5304272DDC650082B3E8 /* Embed App Extensions */ = {
			isa = PBXCopyFilesBuildPhase;
			buildActionMask = 2147483647;
			dstPath = "";
			dstSubfolderSpec = 13;
			files = (
				CD2E52E9272DDC640082B3E8 /* WatchLandmarks WatchKit Extension.appex in Embed App Extensions */,
			);
			name = "Embed App Extensions";
			runOnlyForDeploymentPostprocessing = 0;
		};
/* End PBXCopyFilesBuildPhase section */

/* Begin PBXFileReference section */
		CD27FD1B2729E92D00B5B02E /* PageViewController.swift */ = {isa = PBXFileReference; lastKnownFileType = sourcecode.swift; path = PageViewController.swift; sourceTree = "<group>"; };
		CD27FD1D2729EDE500B5B02E /* FeatureCard.swift */ = {isa = PBXFileReference; lastKnownFileType = sourcecode.swift; path = FeatureCard.swift; sourceTree = "<group>"; };
		CD27FD1F2729EF2A00B5B02E /* PageView.swift */ = {isa = PBXFileReference; lastKnownFileType = sourcecode.swift; path = PageView.swift; sourceTree = "<group>"; };
		CD27FD212729F81E00B5B02E /* PageControl.swift */ = {isa = PBXFileReference; lastKnownFileType = sourcecode.swift; path = PageControl.swift; sourceTree = "<group>"; };
		CD2E52E0272DDC620082B3E8 /* WatchLandmarks.app */ = {isa = PBXFileReference; explicitFileType = wrapper.application; includeInIndex = 0; path = WatchLandmarks.app; sourceTree = BUILT_PRODUCTS_DIR; };
		CD2E52E2272DDC640082B3E8 /* Assets.xcassets */ = {isa = PBXFileReference; lastKnownFileType = folder.assetcatalog; path = Assets.xcassets; sourceTree = "<group>"; };
		CD2E52E8272DDC640082B3E8 /* WatchLandmarks WatchKit Extension.appex */ = {isa = PBXFileReference; explicitFileType = "wrapper.app-extension"; includeInIndex = 0; path = "WatchLandmarks WatchKit Extension.appex"; sourceTree = BUILT_PRODUCTS_DIR; };
		CD2E52EF272DDC640082B3E8 /* ContentView.swift */ = {isa = PBXFileReference; lastKnownFileType = sourcecode.swift; path = ContentView.swift; sourceTree = "<group>"; };
		CD2E52F1272DDC640082B3E8 /* NotificationController.swift */ = {isa = PBXFileReference; lastKnownFileType = sourcecode.swift; path = NotificationController.swift; sourceTree = "<group>"; };
		CD2E52F3272DDC640082B3E8 /* NotificationView.swift */ = {isa = PBXFileReference; lastKnownFileType = sourcecode.swift; path = NotificationView.swift; sourceTree = "<group>"; };
		CD2E52F5272DDC640082B3E8 /* ComplicationController.swift */ = {isa = PBXFileReference; lastKnownFileType = sourcecode.swift; path = ComplicationController.swift; sourceTree = "<group>"; };
		CD2E52F7272DDC650082B3E8 /* Assets.xcassets */ = {isa = PBXFileReference; lastKnownFileType = folder.assetcatalog; path = Assets.xcassets; sourceTree = "<group>"; };
		CD2E52FA272DDC650082B3E8 /* Preview Assets.xcassets */ = {isa = PBXFileReference; lastKnownFileType = folder.assetcatalog; path = "Preview Assets.xcassets"; sourceTree = "<group>"; };
		CD2E52FC272DDC650082B3E8 /* Info.plist */ = {isa = PBXFileReference; lastKnownFileType = text.plist.xml; path = Info.plist; sourceTree = "<group>"; };
		CD2E52FD272DDC650082B3E8 /* PushNotificationPayload.apns */ = {isa = PBXFileReference; lastKnownFileType = text; path = PushNotificationPayload.apns; sourceTree = "<group>"; };
		CD2E5316272DEDC70082B3E8 /* LandmarkDetail.swift */ = {isa = PBXFileReference; lastKnownFileType = sourcecode.swift; path = LandmarkDetail.swift; sourceTree = "<group>"; };
		CD659A4B27063A8A00995212 /* HexagonParameters.swift */ = {isa = PBXFileReference; lastKnownFileType = sourcecode.swift; path = HexagonParameters.swift; sourceTree = "<group>"; };
		CD659A4D27063BCC00995212 /* BadgeBackground.swift */ = {isa = PBXFileReference; lastKnownFileType = sourcecode.swift; path = BadgeBackground.swift; sourceTree = "<group>"; };
		CD898C3427138FF200C7A0FD /* hikeData.json */ = {isa = PBXFileReference; fileEncoding = 4; lastKnownFileType = text.json; path = hikeData.json; sourceTree = "<group>"; };
		CD898C362713902600C7A0FD /* Hike.swift */ = {isa = PBXFileReference; lastKnownFileType = sourcecode.swift; path = Hike.swift; sourceTree = "<group>"; };
		CD898C39271390D500C7A0FD /* GraphCapsule.swift */ = {isa = PBXFileReference; fileEncoding = 4; lastKnownFileType = sourcecode.swift; path = GraphCapsule.swift; sourceTree = "<group>"; };
		CD898C3A271390D500C7A0FD /* HikeGraph.swift */ = {isa = PBXFileReference; fileEncoding = 4; lastKnownFileType = sourcecode.swift; path = HikeGraph.swift; sourceTree = "<group>"; };
		CD898C3B271390D500C7A0FD /* HikeDetail.swift */ = {isa = PBXFileReference; fileEncoding = 4; lastKnownFileType = sourcecode.swift; path = HikeDetail.swift; sourceTree = "<group>"; };
		CD898C3C271390D500C7A0FD /* HikeView.swift */ = {isa = PBXFileReference; fileEncoding = 4; lastKnownFileType = sourcecode.swift; path = HikeView.swift; sourceTree = "<group>"; };
		CD95014726FFACBD0075B33D /* landmarkData.json */ = {isa = PBXFileReference; fileEncoding = 4; lastKnownFileType = text.json; path = landmarkData.json; sourceTree = "<group>"; };
		CD95014A26FFAD0F0075B33D /* Landmark.swift */ = {isa = PBXFileReference; lastKnownFileType = sourcecode.swift; path = Landmark.swift; sourceTree = "<group>"; };
		CD95014D26FFC3A30075B33D /* ModelData.swift */ = {isa = PBXFileReference; lastKnownFileType = sourcecode.swift; path = ModelData.swift; sourceTree = "<group>"; };
		CD95015026FFC8B30075B33D /* LandmarkRow.swift */ = {isa = PBXFileReference; lastKnownFileType = sourcecode.swift; path = LandmarkRow.swift; sourceTree = "<group>"; };
		CD9501522702127B0075B33D /* LandmarkList.swift */ = {isa = PBXFileReference; lastKnownFileType = sourcecode.swift; path = LandmarkList.swift; sourceTree = "<group>"; };
		CD95015427031FB20075B33D /* LandmarkDetail.swift */ = {isa = PBXFileReference; lastKnownFileType = sourcecode.swift; path = LandmarkDetail.swift; sourceTree = "<group>"; };
		CD9501562704B27B0075B33D /* FavoriteButton.swift */ = {isa = PBXFileReference; lastKnownFileType = sourcecode.swift; path = FavoriteButton.swift; sourceTree = "<group>"; };
		CD9D35532722091800849133 /* Profile.swift */ = {isa = PBXFileReference; lastKnownFileType = sourcecode.swift; path = Profile.swift; sourceTree = "<group>"; };
		CD9D35562722097700849133 /* ProfileHost.swift */ = {isa = PBXFileReference; lastKnownFileType = sourcecode.swift; path = ProfileHost.swift; sourceTree = "<group>"; };
		CD9D355827220AB300849133 /* ProfileSummary.swift */ = {isa = PBXFileReference; lastKnownFileType = sourcecode.swift; path = ProfileSummary.swift; sourceTree = "<group>"; };
		CD9D355A27220BE300849133 /* HikeBadge.swift */ = {isa = PBXFileReference; lastKnownFileType = sourcecode.swift; path = HikeBadge.swift; sourceTree = "<group>"; };
		CD9D355C2722137500849133 /* ProfileEditor.swift */ = {isa = PBXFileReference; lastKnownFileType = sourcecode.swift; path = ProfileEditor.swift; sourceTree = "<group>"; };
		CDA836B527309904005259C5 /* MacLandmarks.app */ = {isa = PBXFileReference; explicitFileType = wrapper.application; includeInIndex = 0; path = MacLandmarks.app; sourceTree = BUILT_PRODUCTS_DIR; };
		CDA836B927309904005259C5 /* ContentView.swift */ = {isa = PBXFileReference; lastKnownFileType = sourcecode.swift; path = ContentView.swift; sourceTree = "<group>"; };
		CDA836BB27309905005259C5 /* Assets.xcassets */ = {isa = PBXFileReference; lastKnownFileType = folder.assetcatalog; path = Assets.xcassets; sourceTree = "<group>"; };
		CDA836BE27309905005259C5 /* Preview Assets.xcassets */ = {isa = PBXFileReference; lastKnownFileType = folder.assetcatalog; path = "Preview Assets.xcassets"; sourceTree = "<group>"; };
		CDA836C027309905005259C5 /* MacLandmarks.entitlements */ = {isa = PBXFileReference; lastKnownFileType = text.plist.entitlements; path = MacLandmarks.entitlements; sourceTree = "<group>"; };
		CDA836D22730A0C7005259C5 /* LandmarkDetail.swift */ = {isa = PBXFileReference; lastKnownFileType = sourcecode.swift; path = LandmarkDetail.swift; sourceTree = "<group>"; };
		CDA836D42730A94A005259C5 /* LandmarkList.swift */ = {isa = PBXFileReference; lastKnownFileType = sourcecode.swift; path = LandmarkList.swift; sourceTree = "<group>"; };
		CDAA8E382708B85B005B816C /* BadgeSymbol.swift */ = {isa = PBXFileReference; lastKnownFileType = sourcecode.swift; path = BadgeSymbol.swift; sourceTree = "<group>"; };
		CDAA8E3A2708BA62005B816C /* RotateBadgeSymbol.swift */ = {isa = PBXFileReference; lastKnownFileType = sourcecode.swift; path = RotateBadgeSymbol.swift; sourceTree = "<group>"; };
		CDAA8E3D2708BB5E005B816C /* Badge.swift */ = {isa = PBXFileReference; lastKnownFileType = sourcecode.swift; path = Badge.swift; sourceTree = "<group>"; };
		CDCA4241271E27CA00AC2FE1 /* CategoryHome.swift */ = {isa = PBXFileReference; lastKnownFileType = sourcecode.swift; path = CategoryHome.swift; sourceTree = "<group>"; };
		CDCA4243271E2C8C00AC2FE1 /* CategoryRow.swift */ = {isa = PBXFileReference; lastKnownFileType = sourcecode.swift; path = CategoryRow.swift; sourceTree = "<group>"; };
		CDCA4245271E2F4700AC2FE1 /* CategoryItem.swift */ = {isa = PBXFileReference; lastKnownFileType = sourcecode.swift; path = CategoryItem.swift; sourceTree = "<group>"; };
		CDD251A826F79C8A003136AA /* Landmarks.app */ = {isa = PBXFileReference; explicitFileType = wrapper.application; includeInIndex = 0; path = Landmarks.app; sourceTree = BUILT_PRODUCTS_DIR; };
		CDD251AB26F79C8A003136AA /* LandmarksApp.swift */ = {isa = PBXFileReference; lastKnownFileType = sourcecode.swift; path = LandmarksApp.swift; sourceTree = "<group>"; };
		CDD251AD26F79C8A003136AA /* ContentView.swift */ = {isa = PBXFileReference; lastKnownFileType = sourcecode.swift; path = ContentView.swift; sourceTree = "<group>"; };
		CDD251AF26F79C8B003136AA /* Assets.xcassets */ = {isa = PBXFileReference; lastKnownFileType = folder.assetcatalog; path = Assets.xcassets; sourceTree = "<group>"; };
		CDD251B226F79C8B003136AA /* Preview Assets.xcassets */ = {isa = PBXFileReference; lastKnownFileType = folder.assetcatalog; path = "Preview Assets.xcassets"; sourceTree = "<group>"; };
		CDD251B426F79C8B003136AA /* Info.plist */ = {isa = PBXFileReference; lastKnownFileType = text.plist.xml; path = Info.plist; sourceTree = "<group>"; };
		CDD251BA26F7D50C003136AA /* CircleImage.swift */ = {isa = PBXFileReference; lastKnownFileType = sourcecode.swift; path = CircleImage.swift; sourceTree = "<group>"; };
		CDD251BC26F7DAC7003136AA /* MapView.swift */ = {isa = PBXFileReference; lastKnownFileType = sourcecode.swift; path = MapView.swift; sourceTree = "<group>"; };
/* End PBXFileReference section */

/* Begin PBXFrameworksBuildPhase section */
		CD2E52E5272DDC640082B3E8 /* Frameworks */ = {
			isa = PBXFrameworksBuildPhase;
			buildActionMask = 2147483647;
			files = (
			);
			runOnlyForDeploymentPostprocessing = 0;
		};
		CDA836B227309904005259C5 /* Frameworks */ = {
			isa = PBXFrameworksBuildPhase;
			buildActionMask = 2147483647;
			files = (
			);
			runOnlyForDeploymentPostprocessing = 0;
		};
		CDD251A526F79C8A003136AA /* Frameworks */ = {
			isa = PBXFrameworksBuildPhase;
			buildActionMask = 2147483647;
			files = (
			);
			runOnlyForDeploymentPostprocessing = 0;
		};
/* End PBXFrameworksBuildPhase section */

/* Begin PBXGroup section */
		CD27FD1A2729E8CF00B5B02E /* PageView */ = {
			isa = PBXGroup;
			children = (
				CD27FD1B2729E92D00B5B02E /* PageViewController.swift */,
				CD27FD1D2729EDE500B5B02E /* FeatureCard.swift */,
				CD27FD1F2729EF2A00B5B02E /* PageView.swift */,
				CD27FD212729F81E00B5B02E /* PageControl.swift */,
			);
			path = PageView;
			sourceTree = "<group>";
		};
		CD2E52E1272DDC620082B3E8 /* WatchLandmarks */ = {
			isa = PBXGroup;
			children = (
				CD2E52E2272DDC640082B3E8 /* Assets.xcassets */,
			);
			path = WatchLandmarks;
			sourceTree = "<group>";
		};
		CD2E52EC272DDC640082B3E8 /* WatchLandmarks WatchKit Extension */ = {
			isa = PBXGroup;
			children = (
				CD2E5315272DED800082B3E8 /* Views */,
				CD2E52EF272DDC640082B3E8 /* ContentView.swift */,
				CD2E52F1272DDC640082B3E8 /* NotificationController.swift */,
				CD2E52F3272DDC640082B3E8 /* NotificationView.swift */,
				CD2E52F5272DDC640082B3E8 /* ComplicationController.swift */,
				CD2E52F7272DDC650082B3E8 /* Assets.xcassets */,
				CD2E52FC272DDC650082B3E8 /* Info.plist */,
				CD2E52FD272DDC650082B3E8 /* PushNotificationPayload.apns */,
				CD2E52F9272DDC650082B3E8 /* Preview Content */,
			);
			path = "WatchLandmarks WatchKit Extension";
			sourceTree = "<group>";
		};
		CD2E52F9272DDC650082B3E8 /* Preview Content */ = {
			isa = PBXGroup;
			children = (
				CD2E52FA272DDC650082B3E8 /* Preview Assets.xcassets */,
			);
			path = "Preview Content";
			sourceTree = "<group>";
		};
		CD2E5315272DED800082B3E8 /* Views */ = {
			isa = PBXGroup;
			children = (
				CD2E5316272DEDC70082B3E8 /* LandmarkDetail.swift */,
				CDA836D42730A94A005259C5 /* LandmarkList.swift */,
			);
			path = Views;
			sourceTree = "<group>";
		};
		CD898C38271390D500C7A0FD /* Hikes */ = {
			isa = PBXGroup;
			children = (
				CD898C39271390D500C7A0FD /* GraphCapsule.swift */,
				CD898C3A271390D500C7A0FD /* HikeGraph.swift */,
				CD898C3B271390D500C7A0FD /* HikeDetail.swift */,
				CD898C3C271390D500C7A0FD /* HikeView.swift */,
				CD9D355A27220BE300849133 /* HikeBadge.swift */,
			);
			path = Hikes;
			sourceTree = "<group>";
		};
		CD95014926FFACCA0075B33D /* Resources */ = {
			isa = PBXGroup;
			children = (
				CD898C3427138FF200C7A0FD /* hikeData.json */,
				CD95014726FFACBD0075B33D /* landmarkData.json */,
			);
			path = Resources;
			sourceTree = "<group>";
		};
		CD95014C26FFAD5B0075B33D /* Model */ = {
			isa = PBXGroup;
			children = (
				CD95014A26FFAD0F0075B33D /* Landmark.swift */,
				CD95014D26FFC3A30075B33D /* ModelData.swift */,
				CD898C362713902600C7A0FD /* Hike.swift */,
				CD9D35532722091800849133 /* Profile.swift */,
			);
			path = Model;
			sourceTree = "<group>";
		};
		CD95014F26FFC7D10075B33D /* Views */ = {
			isa = PBXGroup;
			children = (
				CD27FD1A2729E8CF00B5B02E /* PageView */,
				CDD251AD26F79C8A003136AA /* ContentView.swift */,
				CD9D35552722095200849133 /* Profiles */,
				CDCA4240271E27A400AC2FE1 /* Categories */,
				CD898C38271390D500C7A0FD /* Hikes */,
				CDAA8E3C2708BA70005B816C /* Badges */,
				CD9501592704B6B90075B33D /* Landmarks */,
				CD9501582704B6B10075B33D /* Helpers */,
			);
			path = Views;
			sourceTree = "<group>";
		};
		CD9501582704B6B10075B33D /* Helpers */ = {
			isa = PBXGroup;
			children = (
				CD9501562704B27B0075B33D /* FavoriteButton.swift */,
				CDD251BC26F7DAC7003136AA /* MapView.swift */,
				CDD251BA26F7D50C003136AA /* CircleImage.swift */,
			);
			path = Helpers;
			sourceTree = "<group>";
		};
		CD9501592704B6B90075B33D /* Landmarks */ = {
			isa = PBXGroup;
			children = (
				CD9501522702127B0075B33D /* LandmarkList.swift */,
				CD95015026FFC8B30075B33D /* LandmarkRow.swift */,
				CD95015427031FB20075B33D /* LandmarkDetail.swift */,
			);
			path = Landmarks;
			sourceTree = "<group>";
		};
		CD9D35552722095200849133 /* Profiles */ = {
			isa = PBXGroup;
			children = (
				CD9D35562722097700849133 /* ProfileHost.swift */,
				CD9D355827220AB300849133 /* ProfileSummary.swift */,
				CD9D355C2722137500849133 /* ProfileEditor.swift */,
			);
			path = Profiles;
			sourceTree = "<group>";
		};
		CDA836B627309904005259C5 /* MacLandmarks */ = {
			isa = PBXGroup;
			children = (
				CDA836D12730A0A1005259C5 /* Views */,
				CDA836B927309904005259C5 /* ContentView.swift */,
				CDA836BB27309905005259C5 /* Assets.xcassets */,
				CDA836C027309905005259C5 /* MacLandmarks.entitlements */,
				CDA836BD27309905005259C5 /* Preview Content */,
			);
			path = MacLandmarks;
			sourceTree = "<group>";
		};
		CDA836BD27309905005259C5 /* Preview Content */ = {
			isa = PBXGroup;
			children = (
				CDA836BE27309905005259C5 /* Preview Assets.xcassets */,
			);
			path = "Preview Content";
			sourceTree = "<group>";
		};
		CDA836D12730A0A1005259C5 /* Views */ = {
			isa = PBXGroup;
			children = (
				CDA836D22730A0C7005259C5 /* LandmarkDetail.swift */,
			);
			path = Views;
			sourceTree = "<group>";
		};
		CDAA8E3C2708BA70005B816C /* Badges */ = {
			isa = PBXGroup;
			children = (
				CDAA8E3D2708BB5E005B816C /* Badge.swift */,
				CD659A4D27063BCC00995212 /* BadgeBackground.swift */,
				CDAA8E382708B85B005B816C /* BadgeSymbol.swift */,
				CDAA8E3A2708BA62005B816C /* RotateBadgeSymbol.swift */,
				CD659A4B27063A8A00995212 /* HexagonParameters.swift */,
			);
			path = Badges;
			sourceTree = "<group>";
		};
		CDCA4240271E27A400AC2FE1 /* Categories */ = {
			isa = PBXGroup;
			children = (
				CDCA4241271E27CA00AC2FE1 /* CategoryHome.swift */,
				CDCA4243271E2C8C00AC2FE1 /* CategoryRow.swift */,
				CDCA4245271E2F4700AC2FE1 /* CategoryItem.swift */,
			);
			path = Categories;
			sourceTree = "<group>";
		};
		CDD2519F26F79C8A003136AA = {
			isa = PBXGroup;
			children = (
				CDD251AA26F79C8A003136AA /* Landmarks */,
				CD2E52E1272DDC620082B3E8 /* WatchLandmarks */,
				CD2E52EC272DDC640082B3E8 /* WatchLandmarks WatchKit Extension */,
				CDA836B627309904005259C5 /* MacLandmarks */,
				CDD251A926F79C8A003136AA /* Products */,
			);
			sourceTree = "<group>";
		};
		CDD251A926F79C8A003136AA /* Products */ = {
			isa = PBXGroup;
			children = (
				CDD251A826F79C8A003136AA /* Landmarks.app */,
				CD2E52E0272DDC620082B3E8 /* WatchLandmarks.app */,
				CD2E52E8272DDC640082B3E8 /* WatchLandmarks WatchKit Extension.appex */,
				CDA836B527309904005259C5 /* MacLandmarks.app */,
			);
			name = Products;
			sourceTree = "<group>";
		};
		CDD251AA26F79C8A003136AA /* Landmarks */ = {
			isa = PBXGroup;
			children = (
				CD95014F26FFC7D10075B33D /* Views */,
				CD95014C26FFAD5B0075B33D /* Model */,
				CD95014926FFACCA0075B33D /* Resources */,
				CDD251AB26F79C8A003136AA /* LandmarksApp.swift */,
				CDD251AF26F79C8B003136AA /* Assets.xcassets */,
				CDD251B426F79C8B003136AA /* Info.plist */,
				CDD251B126F79C8B003136AA /* Preview Content */,
			);
			path = Landmarks;
			sourceTree = "<group>";
		};
		CDD251B126F79C8B003136AA /* Preview Content */ = {
			isa = PBXGroup;
			children = (
				CDD251B226F79C8B003136AA /* Preview Assets.xcassets */,
			);
			path = "Preview Content";
			sourceTree = "<group>";
		};
/* End PBXGroup section */

/* Begin PBXNativeTarget section */
		CD2E52DF272DDC620082B3E8 /* WatchLandmarks */ = {
			isa = PBXNativeTarget;
			buildConfigurationList = CD2E5308272DDC650082B3E8 /* Build configuration list for PBXNativeTarget "WatchLandmarks" */;
			buildPhases = (
				CD2E52DE272DDC620082B3E8 /* Resources */,
				CD2E5304272DDC650082B3E8 /* Embed App Extensions */,
			);
			buildRules = (
			);
			dependencies = (
				CD2E52EB272DDC640082B3E8 /* PBXTargetDependency */,
			);
			name = WatchLandmarks;
			productName = WatchLandmarks;
			productReference = CD2E52E0272DDC620082B3E8 /* WatchLandmarks.app */;
			productType = "com.apple.product-type.application.watchapp2";
		};
		CD2E52E7272DDC640082B3E8 /* WatchLandmarks WatchKit Extension */ = {
			isa = PBXNativeTarget;
			buildConfigurationList = CD2E5307272DDC650082B3E8 /* Build configuration list for PBXNativeTarget "WatchLandmarks WatchKit Extension" */;
			buildPhases = (
				CD2E52E4272DDC640082B3E8 /* Sources */,
				CD2E52E5272DDC640082B3E8 /* Frameworks */,
				CD2E52E6272DDC640082B3E8 /* Resources */,
			);
			buildRules = (
			);
			dependencies = (
			);
			name = "WatchLandmarks WatchKit Extension";
			productName = "WatchLandmarks WatchKit Extension";
			productReference = CD2E52E8272DDC640082B3E8 /* WatchLandmarks WatchKit Extension.appex */;
			productType = "com.apple.product-type.watchkit2-extension";
		};
		CDA836B427309904005259C5 /* MacLandmarks */ = {
			isa = PBXNativeTarget;
			buildConfigurationList = CDA836C327309905005259C5 /* Build configuration list for PBXNativeTarget "MacLandmarks" */;
			buildPhases = (
				CDA836B127309904005259C5 /* Sources */,
				CDA836B227309904005259C5 /* Frameworks */,
				CDA836B327309904005259C5 /* Resources */,
			);
			buildRules = (
			);
			dependencies = (
			);
			name = MacLandmarks;
			productName = MacLandmarks;
			productReference = CDA836B527309904005259C5 /* MacLandmarks.app */;
			productType = "com.apple.product-type.application";
		};
		CDD251A726F79C8A003136AA /* Landmarks */ = {
			isa = PBXNativeTarget;
			buildConfigurationList = CDD251B726F79C8B003136AA /* Build configuration list for PBXNativeTarget "Landmarks" */;
			buildPhases = (
				CDD251A426F79C8A003136AA /* Sources */,
				CDD251A526F79C8A003136AA /* Frameworks */,
				CDD251A626F79C8A003136AA /* Resources */,
				CD2E5301272DDC650082B3E8 /* Embed Watch Content */,
			);
			buildRules = (
			);
			dependencies = (
				CD2E52FF272DDC650082B3E8 /* PBXTargetDependency */,
			);
			name = Landmarks;
			productName = Landmarks;
			productReference = CDD251A826F79C8A003136AA /* Landmarks.app */;
			productType = "com.apple.product-type.application";
		};
/* End PBXNativeTarget section */

/* Begin PBXProject section */
		CDD251A026F79C8A003136AA /* Project object */ = {
			isa = PBXProject;
			attributes = {
				LastSwiftUpdateCheck = 1310;
				LastUpgradeCheck = 1250;
				TargetAttributes = {
					CD2E52DF272DDC620082B3E8 = {
						CreatedOnToolsVersion = 13.1;
					};
					CD2E52E7272DDC640082B3E8 = {
						CreatedOnToolsVersion = 13.1;
					};
					CDA836B427309904005259C5 = {
						CreatedOnToolsVersion = 13.1;
					};
					CDD251A726F79C8A003136AA = {
						CreatedOnToolsVersion = 12.5.1;
					};
				};
			};
			buildConfigurationList = CDD251A326F79C8A003136AA /* Build configuration list for PBXProject "Landmarks" */;
			compatibilityVersion = "Xcode 9.3";
			developmentRegion = en;
			hasScannedForEncodings = 0;
			knownRegions = (
				en,
				Base,
			);
			mainGroup = CDD2519F26F79C8A003136AA;
			productRefGroup = CDD251A926F79C8A003136AA /* Products */;
			projectDirPath = "";
			projectRoot = "";
			targets = (
				CDD251A726F79C8A003136AA /* Landmarks */,
				CD2E52DF272DDC620082B3E8 /* WatchLandmarks */,
				CD2E52E7272DDC640082B3E8 /* WatchLandmarks WatchKit Extension */,
				CDA836B427309904005259C5 /* MacLandmarks */,
			);
		};
/* End PBXProject section */

/* Begin PBXResourcesBuildPhase section */
		CD2E52DE272DDC620082B3E8 /* Resources */ = {
			isa = PBXResourcesBuildPhase;
			buildActionMask = 2147483647;
			files = (
				CD2E52E3272DDC640082B3E8 /* Assets.xcassets in Resources */,
			);
			runOnlyForDeploymentPostprocessing = 0;
		};
		CD2E52E6272DDC640082B3E8 /* Resources */ = {
			isa = PBXResourcesBuildPhase;
			buildActionMask = 2147483647;
			files = (
				CD2E52FB272DDC650082B3E8 /* Preview Assets.xcassets in Resources */,
				CD2E52F8272DDC650082B3E8 /* Assets.xcassets in Resources */,
				CD2E5311272DECF50082B3E8 /* Assets.xcassets in Resources */,
				CD2E530A272DECF50082B3E8 /* landmarkData.json in Resources */,
				CD2E5313272DECF50082B3E8 /* hikeData.json in Resources */,
			);
			runOnlyForDeploymentPostprocessing = 0;
		};
		CDA836B327309904005259C5 /* Resources */ = {
			isa = PBXResourcesBuildPhase;
			buildActionMask = 2147483647;
			files = (
				CDA836BF27309905005259C5 /* Preview Assets.xcassets in Resources */,
				CDA836C927309E8C005259C5 /* landmarkData.json in Resources */,
				CDA836C627309E8C005259C5 /* Assets.xcassets in Resources */,
				CDA836BC27309905005259C5 /* Assets.xcassets in Resources */,
				CDA836CD27309E8C005259C5 /* hikeData.json in Resources */,
			);
			runOnlyForDeploymentPostprocessing = 0;
		};
		CDD251A626F79C8A003136AA /* Resources */ = {
			isa = PBXResourcesBuildPhase;
			buildActionMask = 2147483647;
			files = (
				CD898C3527138FF200C7A0FD /* hikeData.json in Resources */,
				CDD251B326F79C8B003136AA /* Preview Assets.xcassets in Resources */,
				CDD251B026F79C8B003136AA /* Assets.xcassets in Resources */,
				CD95014826FFACBD0075B33D /* landmarkData.json in Resources */,
			);
			runOnlyForDeploymentPostprocessing = 0;
		};
/* End PBXResourcesBuildPhase section */

/* Begin PBXSourcesBuildPhase section */
		CD2E52E4272DDC640082B3E8 /* Sources */ = {
			isa = PBXSourcesBuildPhase;
			buildActionMask = 2147483647;
			files = (
				CD2E52F2272DDC640082B3E8 /* NotificationController.swift in Sources */,
				CD2E530D272DECF50082B3E8 /* Profile.swift in Sources */,
				CD2E530B272DECF50082B3E8 /* LandmarksApp.swift in Sources */,
				CD2E52F0272DDC640082B3E8 /* ContentView.swift in Sources */,
				CDA836D52730A94A005259C5 /* LandmarkList.swift in Sources */,
				CD2E5314272DECF50082B3E8 /* MapView.swift in Sources */,
				CD2E5317272DEDC70082B3E8 /* LandmarkDetail.swift in Sources */,
				CD2E530E272DECF50082B3E8 /* Landmark.swift in Sources */,
				CD2E5312272DECF50082B3E8 /* Hike.swift in Sources */,
				CD2E52F6272DDC640082B3E8 /* ComplicationController.swift in Sources */,
				CD2E530F272DECF50082B3E8 /* ModelData.swift in Sources */,
				CD2E5310272DECF50082B3E8 /* LandmarkRow.swift in Sources */,
				CD2E52F4272DDC640082B3E8 /* NotificationView.swift in Sources */,
				CD2E5309272DECF50082B3E8 /* CircleImage.swift in Sources */,
			);
			runOnlyForDeploymentPostprocessing = 0;
		};
		CDA836B127309904005259C5 /* Sources */ = {
			isa = PBXSourcesBuildPhase;
			buildActionMask = 2147483647;
			files = (
				CDA836BA27309904005259C5 /* ContentView.swift in Sources */,
				CDA836C827309E8C005259C5 /* Profile.swift in Sources */,
				CDA836C527309E8C005259C5 /* MapView.swift in Sources */,
				CDA836CC27309E8C005259C5 /* FavoriteButton.swift in Sources */,
				CDA836D32730A0C7005259C5 /* LandmarkDetail.swift in Sources */,
				CDA836D027309E8C005259C5 /* Hike.swift in Sources */,
				CDA836CB27309E8C005259C5 /* LandmarkList.swift in Sources */,
				CDA836CE27309E8C005259C5 /* Landmark.swift in Sources */,
				CDA836C427309E8C005259C5 /* ModelData.swift in Sources */,
				CDA836C727309E8C005259C5 /* LandmarksApp.swift in Sources */,
				CDA836CF27309E8C005259C5 /* LandmarkRow.swift in Sources */,
				CDA836CA27309E8C005259C5 /* CircleImage.swift in Sources */,
			);
			runOnlyForDeploymentPostprocessing = 0;
		};
		CDD251A426F79C8A003136AA /* Sources */ = {
			isa = PBXSourcesBuildPhase;
			buildActionMask = 2147483647;
			files = (
				CDCA4244271E2C8C00AC2FE1 /* CategoryRow.swift in Sources */,
				CD9D35542722091800849133 /* Profile.swift in Sources */,
				CDD251AE26F79C8A003136AA /* ContentView.swift in Sources */,
				CDCA4242271E27CA00AC2FE1 /* CategoryHome.swift in Sources */,
				CD27FD1E2729EDE500B5B02E /* FeatureCard.swift in Sources */,
				CD898C3E271390D500C7A0FD /* HikeGraph.swift in Sources */,
				CDAA8E3E2708BB5E005B816C /* Badge.swift in Sources */,
				CDD251BD26F7DAC7003136AA /* MapView.swift in Sources */,
				CD898C3D271390D500C7A0FD /* GraphCapsule.swift in Sources */,
				CDAA8E3B2708BA62005B816C /* RotateBadgeSymbol.swift in Sources */,
				CD27FD222729F81E00B5B02E /* PageControl.swift in Sources */,
				CDD251AC26F79C8A003136AA /* LandmarksApp.swift in Sources */,
				CD898C3F271390D500C7A0FD /* HikeDetail.swift in Sources */,
				CD9501572704B27B0075B33D /* FavoriteButton.swift in Sources */,
				CD9D355927220AB300849133 /* ProfileSummary.swift in Sources */,
				CD898C372713902600C7A0FD /* Hike.swift in Sources */,
				CD9D35572722097700849133 /* ProfileHost.swift in Sources */,
				CD659A4C27063A8A00995212 /* HexagonParameters.swift in Sources */,
				CDAA8E392708B85B005B816C /* BadgeSymbol.swift in Sources */,
				CD27FD202729EF2A00B5B02E /* PageView.swift in Sources */,
				CD9501532702127B0075B33D /* LandmarkList.swift in Sources */,
				CD9D355D2722137500849133 /* ProfileEditor.swift in Sources */,
				CD898C40271390D500C7A0FD /* HikeView.swift in Sources */,
				CD95015527031FB20075B33D /* LandmarkDetail.swift in Sources */,
				CD659A4E27063BCC00995212 /* BadgeBackground.swift in Sources */,
				CD27FD1C2729E92D00B5B02E /* PageViewController.swift in Sources */,
				CDCA4246271E2F4700AC2FE1 /* CategoryItem.swift in Sources */,
				CD9D355B27220BE300849133 /* HikeBadge.swift in Sources */,
				CDD251BB26F7D50C003136AA /* CircleImage.swift in Sources */,
				CD95014B26FFAD0F0075B33D /* Landmark.swift in Sources */,
				CD95015126FFC8B30075B33D /* LandmarkRow.swift in Sources */,
				CD95014E26FFC3A30075B33D /* ModelData.swift in Sources */,
			);
			runOnlyForDeploymentPostprocessing = 0;
		};
/* End PBXSourcesBuildPhase section */

/* Begin PBXTargetDependency section */
		CD2E52EB272DDC640082B3E8 /* PBXTargetDependency */ = {
			isa = PBXTargetDependency;
			target = CD2E52E7272DDC640082B3E8 /* WatchLandmarks WatchKit Extension */;
			targetProxy = CD2E52EA272DDC640082B3E8 /* PBXContainerItemProxy */;
		};
		CD2E52FF272DDC650082B3E8 /* PBXTargetDependency */ = {
			isa = PBXTargetDependency;
			target = CD2E52DF272DDC620082B3E8 /* WatchLandmarks */;
			targetProxy = CD2E52FE272DDC650082B3E8 /* PBXContainerItemProxy */;
		};
/* End PBXTargetDependency section */

/* Begin XCBuildConfiguration section */
		CD2E5302272DDC650082B3E8 /* Debug */ = {
			isa = XCBuildConfiguration;
			buildSettings = {
				ALWAYS_EMBED_SWIFT_STANDARD_LIBRARIES = YES;
				ASSETCATALOG_COMPILER_APPICON_NAME = AppIcon;
				ASSETCATALOG_COMPILER_GLOBAL_ACCENT_COLOR_NAME = AccentColor;
				CLANG_CXX_LANGUAGE_STANDARD = "gnu++17";
				CODE_SIGN_STYLE = Automatic;
				CURRENT_PROJECT_VERSION = 1;
				GENERATE_INFOPLIST_FILE = YES;
				IBSC_MODULE = WatchLandmarks_WatchKit_Extension;
				INFOPLIST_KEY_CFBundleDisplayName = WatchLandmarks;
				INFOPLIST_KEY_UISupportedInterfaceOrientations = "UIInterfaceOrientationPortrait UIInterfaceOrientationPortraitUpsideDown";
				INFOPLIST_KEY_WKCompanionAppBundleIdentifier = com.m.Landmarks;
				MARKETING_VERSION = 1.0;
				PRODUCT_BUNDLE_IDENTIFIER = com.m.Landmarks.watchkitapp;
				PRODUCT_NAME = "$(TARGET_NAME)";
				SDKROOT = watchos;
				SKIP_INSTALL = YES;
				SWIFT_EMIT_LOC_STRINGS = YES;
				SWIFT_VERSION = 5.0;
				TARGETED_DEVICE_FAMILY = 4;
				WATCHOS_DEPLOYMENT_TARGET = 8.0;
			};
			name = Debug;
		};
		CD2E5303272DDC650082B3E8 /* Release */ = {
			isa = XCBuildConfiguration;
			buildSettings = {
				ALWAYS_EMBED_SWIFT_STANDARD_LIBRARIES = YES;
				ASSETCATALOG_COMPILER_APPICON_NAME = AppIcon;
				ASSETCATALOG_COMPILER_GLOBAL_ACCENT_COLOR_NAME = AccentColor;
				CLANG_CXX_LANGUAGE_STANDARD = "gnu++17";
				CODE_SIGN_STYLE = Automatic;
				CURRENT_PROJECT_VERSION = 1;
				GENERATE_INFOPLIST_FILE = YES;
				IBSC_MODULE = WatchLandmarks_WatchKit_Extension;
				INFOPLIST_KEY_CFBundleDisplayName = WatchLandmarks;
				INFOPLIST_KEY_UISupportedInterfaceOrientations = "UIInterfaceOrientationPortrait UIInterfaceOrientationPortraitUpsideDown";
				INFOPLIST_KEY_WKCompanionAppBundleIdentifier = com.m.Landmarks;
				MARKETING_VERSION = 1.0;
				PRODUCT_BUNDLE_IDENTIFIER = com.m.Landmarks.watchkitapp;
				PRODUCT_NAME = "$(TARGET_NAME)";
				SDKROOT = watchos;
				SKIP_INSTALL = YES;
				SWIFT_EMIT_LOC_STRINGS = YES;
				SWIFT_VERSION = 5.0;
				TARGETED_DEVICE_FAMILY = 4;
				WATCHOS_DEPLOYMENT_TARGET = 8.0;
			};
			name = Release;
		};
		CD2E5305272DDC650082B3E8 /* Debug */ = {
			isa = XCBuildConfiguration;
			buildSettings = {
				ASSETCATALOG_COMPILER_COMPLICATION_NAME = Complication;
				CLANG_CXX_LANGUAGE_STANDARD = "gnu++17";
				CODE_SIGN_STYLE = Automatic;
				CURRENT_PROJECT_VERSION = 1;
				DEVELOPMENT_ASSET_PATHS = "\"WatchLandmarks WatchKit Extension/Preview Content\"";
				ENABLE_PREVIEWS = YES;
				GENERATE_INFOPLIST_FILE = YES;
				INFOPLIST_FILE = "WatchLandmarks WatchKit Extension/Info.plist";
				INFOPLIST_KEY_CFBundleDisplayName = "WatchLandmarks WatchKit Extension";
				INFOPLIST_KEY_CLKComplicationPrincipalClass = WatchLandmarks_WatchKit_Extension.ComplicationController;
				INFOPLIST_KEY_NSHumanReadableCopyright = "";
				INFOPLIST_KEY_WKRunsIndependentlyOfCompanionApp = YES;
				LD_RUNPATH_SEARCH_PATHS = (
					"$(inherited)",
					"@executable_path/Frameworks",
					"@executable_path/../../Frameworks",
				);
				MARKETING_VERSION = 1.0;
				PRODUCT_BUNDLE_IDENTIFIER = com.m.Landmarks.watchkitapp.watchkitextension;
				PRODUCT_NAME = "${TARGET_NAME}";
				SDKROOT = watchos;
				SKIP_INSTALL = YES;
				SWIFT_EMIT_LOC_STRINGS = YES;
				SWIFT_VERSION = 5.0;
				TARGETED_DEVICE_FAMILY = 4;
				WATCHOS_DEPLOYMENT_TARGET = 8.0;
			};
			name = Debug;
		};
		CD2E5306272DDC650082B3E8 /* Release */ = {
			isa = XCBuildConfiguration;
			buildSettings = {
				ASSETCATALOG_COMPILER_COMPLICATION_NAME = Complication;
				CLANG_CXX_LANGUAGE_STANDARD = "gnu++17";
				CODE_SIGN_STYLE = Automatic;
				CURRENT_PROJECT_VERSION = 1;
				DEVELOPMENT_ASSET_PATHS = "\"WatchLandmarks WatchKit Extension/Preview Content\"";
				ENABLE_PREVIEWS = YES;
				GENERATE_INFOPLIST_FILE = YES;
				INFOPLIST_FILE = "WatchLandmarks WatchKit Extension/Info.plist";
				INFOPLIST_KEY_CFBundleDisplayName = "WatchLandmarks WatchKit Extension";
				INFOPLIST_KEY_CLKComplicationPrincipalClass = WatchLandmarks_WatchKit_Extension.ComplicationController;
				INFOPLIST_KEY_NSHumanReadableCopyright = "";
				INFOPLIST_KEY_WKRunsIndependentlyOfCompanionApp = YES;
				LD_RUNPATH_SEARCH_PATHS = (
					"$(inherited)",
					"@executable_path/Frameworks",
					"@executable_path/../../Frameworks",
				);
				MARKETING_VERSION = 1.0;
				PRODUCT_BUNDLE_IDENTIFIER = com.m.Landmarks.watchkitapp.watchkitextension;
				PRODUCT_NAME = "${TARGET_NAME}";
				SDKROOT = watchos;
				SKIP_INSTALL = YES;
				SWIFT_EMIT_LOC_STRINGS = YES;
				SWIFT_VERSION = 5.0;
				TARGETED_DEVICE_FAMILY = 4;
				WATCHOS_DEPLOYMENT_TARGET = 8.0;
			};
			name = Release;
		};
		CDA836C127309905005259C5 /* Debug */ = {
			isa = XCBuildConfiguration;
			buildSettings = {
				ASSETCATALOG_COMPILER_APPICON_NAME = AppIcon;
				ASSETCATALOG_COMPILER_GLOBAL_ACCENT_COLOR_NAME = AccentColor;
				CLANG_CXX_LANGUAGE_STANDARD = "gnu++17";
				CODE_SIGN_ENTITLEMENTS = MacLandmarks/MacLandmarks.entitlements;
				CODE_SIGN_STYLE = Automatic;
				COMBINE_HIDPI_IMAGES = YES;
				CURRENT_PROJECT_VERSION = 1;
				DEVELOPMENT_ASSET_PATHS = "\"MacLandmarks/Preview Content\"";
				ENABLE_PREVIEWS = YES;
				GENERATE_INFOPLIST_FILE = YES;
				INFOPLIST_KEY_NSHumanReadableCopyright = "";
				LD_RUNPATH_SEARCH_PATHS = (
					"$(inherited)",
					"@executable_path/../Frameworks",
				);
				MACOSX_DEPLOYMENT_TARGET = 11.6;
				MARKETING_VERSION = 1.0;
				PRODUCT_BUNDLE_IDENTIFIER = com.m.MacLandmarks;
				PRODUCT_NAME = "$(TARGET_NAME)";
				SDKROOT = macosx;
				SWIFT_EMIT_LOC_STRINGS = YES;
				SWIFT_VERSION = 5.0;
			};
			name = Debug;
		};
		CDA836C227309905005259C5 /* Release */ = {
			isa = XCBuildConfiguration;
			buildSettings = {
				ASSETCATALOG_COMPILER_APPICON_NAME = AppIcon;
				ASSETCATALOG_COMPILER_GLOBAL_ACCENT_COLOR_NAME = AccentColor;
				CLANG_CXX_LANGUAGE_STANDARD = "gnu++17";
				CODE_SIGN_ENTITLEMENTS = MacLandmarks/MacLandmarks.entitlements;
				CODE_SIGN_STYLE = Automatic;
				COMBINE_HIDPI_IMAGES = YES;
				CURRENT_PROJECT_VERSION = 1;
				DEVELOPMENT_ASSET_PATHS = "\"MacLandmarks/Preview Content\"";
				ENABLE_PREVIEWS = YES;
				GENERATE_INFOPLIST_FILE = YES;
				INFOPLIST_KEY_NSHumanReadableCopyright = "";
				LD_RUNPATH_SEARCH_PATHS = (
					"$(inherited)",
					"@executable_path/../Frameworks",
				);
				MACOSX_DEPLOYMENT_TARGET = 11.6;
				MARKETING_VERSION = 1.0;
				PRODUCT_BUNDLE_IDENTIFIER = com.m.MacLandmarks;
				PRODUCT_NAME = "$(TARGET_NAME)";
				SDKROOT = macosx;
				SWIFT_EMIT_LOC_STRINGS = YES;
				SWIFT_VERSION = 5.0;
			};
			name = Release;
		};
		CDD251B526F79C8B003136AA /* Debug */ = {
			isa = XCBuildConfiguration;
			buildSettings = {
				ALWAYS_SEARCH_USER_PATHS = NO;
				CLANG_ANALYZER_NONNULL = YES;
				CLANG_ANALYZER_NUMBER_OBJECT_CONVERSION = YES_AGGRESSIVE;
				CLANG_CXX_LANGUAGE_STANDARD = "gnu++14";
				CLANG_CXX_LIBRARY = "libc++";
				CLANG_ENABLE_MODULES = YES;
				CLANG_ENABLE_OBJC_ARC = YES;
				CLANG_ENABLE_OBJC_WEAK = YES;
				CLANG_WARN_BLOCK_CAPTURE_AUTORELEASING = YES;
				CLANG_WARN_BOOL_CONVERSION = YES;
				CLANG_WARN_COMMA = YES;
				CLANG_WARN_CONSTANT_CONVERSION = YES;
				CLANG_WARN_DEPRECATED_OBJC_IMPLEMENTATIONS = YES;
				CLANG_WARN_DIRECT_OBJC_ISA_USAGE = YES_ERROR;
				CLANG_WARN_DOCUMENTATION_COMMENTS = YES;
				CLANG_WARN_EMPTY_BODY = YES;
				CLANG_WARN_ENUM_CONVERSION = YES;
				CLANG_WARN_INFINITE_RECURSION = YES;
				CLANG_WARN_INT_CONVERSION = YES;
				CLANG_WARN_NON_LITERAL_NULL_CONVERSION = YES;
				CLANG_WARN_OBJC_IMPLICIT_RETAIN_SELF = YES;
				CLANG_WARN_OBJC_LITERAL_CONVERSION = YES;
				CLANG_WARN_OBJC_ROOT_CLASS = YES_ERROR;
				CLANG_WARN_QUOTED_INCLUDE_IN_FRAMEWORK_HEADER = YES;
				CLANG_WARN_RANGE_LOOP_ANALYSIS = YES;
				CLANG_WARN_STRICT_PROTOTYPES = YES;
				CLANG_WARN_SUSPICIOUS_MOVE = YES;
				CLANG_WARN_UNGUARDED_AVAILABILITY = YES_AGGRESSIVE;
				CLANG_WARN_UNREACHABLE_CODE = YES;
				CLANG_WARN__DUPLICATE_METHOD_MATCH = YES;
				COPY_PHASE_STRIP = NO;
				DEBUG_INFORMATION_FORMAT = dwarf;
				ENABLE_STRICT_OBJC_MSGSEND = YES;
				ENABLE_TESTABILITY = YES;
				GCC_C_LANGUAGE_STANDARD = gnu11;
				GCC_DYNAMIC_NO_PIC = NO;
				GCC_NO_COMMON_BLOCKS = YES;
				GCC_OPTIMIZATION_LEVEL = 0;
				GCC_PREPROCESSOR_DEFINITIONS = (
					"DEBUG=1",
					"$(inherited)",
				);
				GCC_WARN_64_TO_32_BIT_CONVERSION = YES;
				GCC_WARN_ABOUT_RETURN_TYPE = YES_ERROR;
				GCC_WARN_UNDECLARED_SELECTOR = YES;
				GCC_WARN_UNINITIALIZED_AUTOS = YES_AGGRESSIVE;
				GCC_WARN_UNUSED_FUNCTION = YES;
				GCC_WARN_UNUSED_VARIABLE = YES;
				IPHONEOS_DEPLOYMENT_TARGET = 14.5;
				MTL_ENABLE_DEBUG_INFO = INCLUDE_SOURCE;
				MTL_FAST_MATH = YES;
				ONLY_ACTIVE_ARCH = YES;
				SDKROOT = iphoneos;
				SWIFT_ACTIVE_COMPILATION_CONDITIONS = DEBUG;
				SWIFT_OPTIMIZATION_LEVEL = "-Onone";
			};
			name = Debug;
		};
		CDD251B626F79C8B003136AA /* Release */ = {
			isa = XCBuildConfiguration;
			buildSettings = {
				ALWAYS_SEARCH_USER_PATHS = NO;
				CLANG_ANALYZER_NONNULL = YES;
				CLANG_ANALYZER_NUMBER_OBJECT_CONVERSION = YES_AGGRESSIVE;
				CLANG_CXX_LANGUAGE_STANDARD = "gnu++14";
				CLANG_CXX_LIBRARY = "libc++";
				CLANG_ENABLE_MODULES = YES;
				CLANG_ENABLE_OBJC_ARC = YES;
				CLANG_ENABLE_OBJC_WEAK = YES;
				CLANG_WARN_BLOCK_CAPTURE_AUTORELEASING = YES;
				CLANG_WARN_BOOL_CONVERSION = YES;
				CLANG_WARN_COMMA = YES;
				CLANG_WARN_CONSTANT_CONVERSION = YES;
				CLANG_WARN_DEPRECATED_OBJC_IMPLEMENTATIONS = YES;
				CLANG_WARN_DIRECT_OBJC_ISA_USAGE = YES_ERROR;
				CLANG_WARN_DOCUMENTATION_COMMENTS = YES;
				CLANG_WARN_EMPTY_BODY = YES;
				CLANG_WARN_ENUM_CONVERSION = YES;
				CLANG_WARN_INFINITE_RECURSION = YES;
				CLANG_WARN_INT_CONVERSION = YES;
				CLANG_WARN_NON_LITERAL_NULL_CONVERSION = YES;
				CLANG_WARN_OBJC_IMPLICIT_RETAIN_SELF = YES;
				CLANG_WARN_OBJC_LITERAL_CONVERSION = YES;
				CLANG_WARN_OBJC_ROOT_CLASS = YES_ERROR;
				CLANG_WARN_QUOTED_INCLUDE_IN_FRAMEWORK_HEADER = YES;
				CLANG_WARN_RANGE_LOOP_ANALYSIS = YES;
				CLANG_WARN_STRICT_PROTOTYPES = YES;
				CLANG_WARN_SUSPICIOUS_MOVE = YES;
				CLANG_WARN_UNGUARDED_AVAILABILITY = YES_AGGRESSIVE;
				CLANG_WARN_UNREACHABLE_CODE = YES;
				CLANG_WARN__DUPLICATE_METHOD_MATCH = YES;
				COPY_PHASE_STRIP = NO;
				DEBUG_INFORMATION_FORMAT = "dwarf-with-dsym";
				ENABLE_NS_ASSERTIONS = NO;
				ENABLE_STRICT_OBJC_MSGSEND = YES;
				GCC_C_LANGUAGE_STANDARD = gnu11;
				GCC_NO_COMMON_BLOCKS = YES;
				GCC_WARN_64_TO_32_BIT_CONVERSION = YES;
				GCC_WARN_ABOUT_RETURN_TYPE = YES_ERROR;
				GCC_WARN_UNDECLARED_SELECTOR = YES;
				GCC_WARN_UNINITIALIZED_AUTOS = YES_AGGRESSIVE;
				GCC_WARN_UNUSED_FUNCTION = YES;
				GCC_WARN_UNUSED_VARIABLE = YES;
				IPHONEOS_DEPLOYMENT_TARGET = 14.5;
				MTL_ENABLE_DEBUG_INFO = NO;
				MTL_FAST_MATH = YES;
				SDKROOT = iphoneos;
				SWIFT_COMPILATION_MODE = wholemodule;
				SWIFT_OPTIMIZATION_LEVEL = "-O";
				VALIDATE_PRODUCT = YES;
			};
			name = Release;
		};
		CDD251B826F79C8B003136AA /* Debug */ = {
			isa = XCBuildConfiguration;
			buildSettings = {
				ASSETCATALOG_COMPILER_APPICON_NAME = AppIcon;
				ASSETCATALOG_COMPILER_GLOBAL_ACCENT_COLOR_NAME = AccentColor;
				CODE_SIGN_STYLE = Automatic;
				DEVELOPMENT_ASSET_PATHS = "\"Landmarks/Preview Content\"";
				ENABLE_PREVIEWS = YES;
				INFOPLIST_FILE = Landmarks/Info.plist;
				IPHONEOS_DEPLOYMENT_TARGET = 14.0;
				LD_RUNPATH_SEARCH_PATHS = (
					"$(inherited)",
					"@executable_path/Frameworks",
				);
				PRODUCT_BUNDLE_IDENTIFIER = com.m.Landmarks;
				PRODUCT_NAME = "$(TARGET_NAME)";
				SWIFT_VERSION = 5.0;
				TARGETED_DEVICE_FAMILY = "1,2";
			};
			name = Debug;
		};
		CDD251B926F79C8B003136AA /* Release */ = {
			isa = XCBuildConfiguration;
			buildSettings = {
				ASSETCATALOG_COMPILER_APPICON_NAME = AppIcon;
				ASSETCATALOG_COMPILER_GLOBAL_ACCENT_COLOR_NAME = AccentColor;
				CODE_SIGN_STYLE = Automatic;
				DEVELOPMENT_ASSET_PATHS = "\"Landmarks/Preview Content\"";
				ENABLE_PREVIEWS = YES;
				INFOPLIST_FILE = Landmarks/Info.plist;
				IPHONEOS_DEPLOYMENT_TARGET = 14.0;
				LD_RUNPATH_SEARCH_PATHS = (
					"$(inherited)",
					"@executable_path/Frameworks",
				);
				PRODUCT_BUNDLE_IDENTIFIER = com.m.Landmarks;
				PRODUCT_NAME = "$(TARGET_NAME)";
				SWIFT_VERSION = 5.0;
				TARGETED_DEVICE_FAMILY = "1,2";
			};
			name = Release;
		};
/* End XCBuildConfiguration section */

/* Begin XCConfigurationList section */
		CD2E5307272DDC650082B3E8 /* Build configuration list for PBXNativeTarget "WatchLandmarks WatchKit Extension" */ = {
			isa = XCConfigurationList;
			buildConfigurations = (
				CD2E5305272DDC650082B3E8 /* Debug */,
				CD2E5306272DDC650082B3E8 /* Release */,
			);
			defaultConfigurationIsVisible = 0;
			defaultConfigurationName = Release;
		};
		CD2E5308272DDC650082B3E8 /* Build configuration list for PBXNativeTarget "WatchLandmarks" */ = {
			isa = XCConfigurationList;
			buildConfigurations = (
				CD2E5302272DDC650082B3E8 /* Debug */,
				CD2E5303272DDC650082B3E8 /* Release */,
			);
			defaultConfigurationIsVisible = 0;
			defaultConfigurationName = Release;
		};
		CDA836C327309905005259C5 /* Build configuration list for PBXNativeTarget "MacLandmarks" */ = {
			isa = XCConfigurationList;
			buildConfigurations = (
				CDA836C127309905005259C5 /* Debug */,
				CDA836C227309905005259C5 /* Release */,
			);
			defaultConfigurationIsVisible = 0;
			defaultConfigurationName = Release;
		};
		CDD251A326F79C8A003136AA /* Build configuration list for PBXProject "Landmarks" */ = {
			isa = XCConfigurationList;
			buildConfigurations = (
				CDD251B526F79C8B003136AA /* Debug */,
				CDD251B626F79C8B003136AA /* Release */,
			);
			defaultConfigurationIsVisible = 0;
			defaultConfigurationName = Release;
		};
		CDD251B726F79C8B003136AA /* Build configuration list for PBXNativeTarget "Landmarks" */ = {
			isa = XCConfigurationList;
			buildConfigurations = (
				CDD251B826F79C8B003136AA /* Debug */,
				CDD251B926F79C8B003136AA /* Release */,
			);
			defaultConfigurationIsVisible = 0;
			defaultConfigurationName = Release;
		};
/* End XCConfigurationList section */
	};
	rootObject = CDD251A026F79C8A003136AA /* Project object */;
}
